github.com/BurntSushi/toml v0.2.1-0.20160426202516-f0aeabca5a12 h1:8dFVzWNyce4k1Zmpd4a0HgqdYpd2o8jOqn2BRAnBHI0=
github.com/BurntSushi/toml v0.2.1-0.20160426202516-f0aeabca5a12/go.mod h1:xHWCNGjB5oqiDr8zfno3MHue2Ht5sIBksp03qcyfWMU=
github.com/bgentry/speakeasy v0.0.0-20150902231413-36e9cfdd6909 h1:mUVWHQ4tjVv86uJhxSbYqwdz4o+Imcl6HoZtoaqC3zM=
github.com/bgentry/speakeasy v0.0.0-20150902231413-36e9cfdd6909/go.mod h1:+zsyZBPWlz7T6j88CTgSN5bM796AkVf0kBD4zp0CCIs=
github.com/codegangsta/cli v1.16.1-0.20160502160658-415b5e766a61 h1:mQ2qI5YtseZuGaPXKlqi0pnt9NSZX48XREJLW/otOiI=
github.com/codegangsta/cli v1.16.1-0.20160502160658-415b5e766a61/go.mod h1:/qJNoX69yVSKu5o4jLyXAENLRyk1uhi7zkbQ3slBdOA=
github.com/coreos/etcd v2.3.1-0.20160502184358-a8139e2b0e23+incompatible h1:Q6LwVGHdhaRvY7jCnFsnTFima51/PysLDuwnAHloUtE=
github.com/coreos/etcd v2.3.1-0.20160502184358-a8139e2b0e23+incompatible/go.mod h1:uF7uidLiAD3TWHmW31ZFd/JWoc32PjwdhPthX9715RE=
github.com/mickep76/etcdmap v0.0.0-20160502152020-c53d6e11e292 h1:cWsRqMY3/PlzNhtRdijo/j1phevl0h4uJGrFJNyccrQ=
github.com/mickep76/etcdmap v0.0.0-20160502152020-c53d6e11e292/go.mod h1:dSTomsDkwYp/n/KnPHehjuyYTob82WWMo5ROgpdyaQk=
github.com/mickep76/iodatafmt v0.0.0-20181011194834-7c7e9a8f31cd h1:LOd1oGUyKU+kdhKGoMZIS4ZeFmqRUFhJ6CpbRZhzB7Q=
github.com/mickep76/iodatafmt v0.0.0-20181011194834-7c7e9a8f31cd/go.mod h1:4CLMizJparN2/tqNVx7xW0YJ0ze0+ArfSYv0mxMl3bY=
github.com/ugorji/go v0.0.0-20160328060740-a396ed22fc04 h1:eE+Se4ffRJ16+igSBQWAYUXrIL9WBJ47bE/4uMxW9lA=
github.com/ugorji/go v0.0.0-20160328060740-a396ed22fc04/go.mod h1:hnLbHMwcvSihnDhEfx2/BzKp2xb0Y+ErdfYcrs9tkJQ=
github.com/xeipuuv/gojsonpointer v0.0.0-20151027082146-e0fe6f683076 h1:KM4T3G70MiR+JtqplcYkNVoNz7pDwYaBxWBXQK804So=
github.com/xeipuuv/gojsonpointer v0.0.0-20151027082146-e0fe6f683076/go.mod h1:N2zxlSyiKSe5eX1tZViRH5QA0qijqEDrYZiPEAiq3wU=
github.com/xeipuuv/gojsonreference v0.0.0-20150808065054-e02fc20de94c h1:XZWnr3bsDQWAZg4Ne+cPoXRPILrNlPNQfxBuwLl43is=
github.com/xeipuuv/gojsonreference v0.0.0-20150808065054-e02fc20de94c/go.mod h1:GwrjFmJcFw6At/Gs6z4yjiIwzuJ1/+UwLxMQDVQXShQ=
github.com/xeipuuv/gojsonschema v0.0.0-20160430164825-d3178baac324 h1:9M5Fc21tMx/HEXfBg0ImElYv762R2F/UFWof+LA1UK4=
github.com/xeipuuv/gojsonschema v0.0.0-20160430164825-d3178baac324/go.mod h1:5yf86TLmAcydyeJq5YvxkGPE2fm/u4myDekKRoLuqhs=
golang.org/x/net v0.0.0-20160501043121-35ec611a141e h1:w2KX2kEruytEo1pI7vQT5qf/tnfE+mbmLW9HQ0J/OYw=
golang.org/x/net v0.0.0-20160501043121-35ec611a141e/go.mod h1:mL1N/T3taQHkDXs73rZJwtUhF3w3ftmwwsq0BUmARs4=
gopkg.in/yaml.v2 v2.0.0-20160301204022-a83829b6f129 h1:RBgb9aPUbZ9nu66ecQNIBNsA7j3mB5h8PNDIfhPjaJg=
gopkg.in/yaml.v2 v2.0.0-20160301204022-a83829b6f129/go.mod h1:JAlM8MvJe8wmxCU4Bli9HhUf9+ttbYbLASfIpnQbh74=
